// !$*UTF8*$!
{
	archiveVersion = 1;
	classes = {
	};
	objectVersion = 46;
	objects = {

/* Begin PBXBuildFile section */
		CB090A3B1EE547F200C10452 /* AppDelegate.swift in Sources */ = {isa = PBXBuildFile; fileRef = CB090A3A1EE547F200C10452 /* AppDelegate.swift */; };
		CB090A3D1EE547F200C10452 /* ViewController.swift in Sources */ = {isa = PBXBuildFile; fileRef = CB090A3C1EE547F200C10452 /* ViewController.swift */; };
		CB090A401EE547F200C10452 /* Main.storyboard in Resources */ = {isa = PBXBuildFile; fileRef = CB090A3E1EE547F200C10452 /* Main.storyboard */; };
		CB090A421EE547F200C10452 /* Assets.xcassets in Resources */ = {isa = PBXBuildFile; fileRef = CB090A411EE547F200C10452 /* Assets.xcassets */; };
		CB090A451EE547F200C10452 /* LaunchScreen.storyboard in Resources */ = {isa = PBXBuildFile; fileRef = CB090A431EE547F200C10452 /* LaunchScreen.storyboard */; };
		CB090A4D1EE5485300C10452 /* RainbowProgressBar.swift in Sources */ = {isa = PBXBuildFile; fileRef = CB090A4C1EE5485300C10452 /* RainbowProgressBar.swift */; };
/* End PBXBuildFile section */

/* Begin PBXFileReference section */
		CB090A371EE547F200C10452 /* RainbowProgressBar.app */ = {isa = PBXFileReference; explicitFileType = wrapper.application; includeInIndex = 0; path = RainbowProgressBar.app; sourceTree = BUILT_PRODUCTS_DIR; };
		CB090A3A1EE547F200C10452 /* AppDelegate.swift */ = {isa = PBXFileReference; lastKnownFileType = sourcecode.swift; path = AppDelegate.swift; sourceTree = "<group>"; };
		CB090A3C1EE547F200C10452 /* ViewController.swift */ = {isa = PBXFileReference; lastKnownFileType = sourcecode.swift; path = ViewController.swift; sourceTree = "<group>"; };
		CB090A3F1EE547F200C10452 /* Base */ = {isa = PBXFileReference; lastKnownFileType = file.storyboard; name = Base; path = Base.lproj/Main.storyboard; sourceTree = "<group>"; };
		CB090A411EE547F200C10452 /* Assets.xcassets */ = {isa = PBXFileReference; lastKnownFileType = folder.assetcatalog; path = Assets.xcassets; sourceTree = "<group>"; };
		CB090A441EE547F200C10452 /* Base */ = {isa = PBXFileReference; lastKnownFileType = file.storyboard; name = Base; path = Base.lproj/LaunchScreen.storyboard; sourceTree = "<group>"; };
		CB090A461EE547F200C10452 /* Info.plist */ = {isa = PBXFileReference; lastKnownFileType = text.plist.xml; path = Info.plist; sourceTree = "<group>"; };
		CB090A4C1EE5485300C10452 /* RainbowProgressBar.swift */ = {isa = PBXFileReference; fileEncoding = 4; lastKnownFileType = sourcecode.swift; path = RainbowProgressBar.swift; sourceTree = "<group>"; };
/* End PBXFileReference section */

/* Begin PBXFrameworksBuildPhase section */
		CB090A341EE547F200C10452 /* Frameworks */ = {
			isa = PBXFrameworksBuildPhase;
			buildActionMask = 2147483647;
			files = (
			);
			runOnlyForDeploymentPostprocessing = 0;
		};
/* End PBXFrameworksBuildPhase section */

/* Begin PBXGroup section */
		CB090A2E1EE547F200C10452 = {
			isa = PBXGroup;
			children = (
				CB090A391EE547F200C10452 /* RainbowProgressBar */,
				CB090A381EE547F200C10452 /* Products */,
			);
			sourceTree = "<group>";
		};
		CB090A381EE547F200C10452 /* Products */ = {
			isa = PBXGroup;
			children = (
				CB090A371EE547F200C10452 /* RainbowProgressBar.app */,
			);
			name = Products;
			sourceTree = "<group>";
		};
		CB090A391EE547F200C10452 /* RainbowProgressBar */ = {
			isa = PBXGroup;
			children = (
				CB090A3A1EE547F200C10452 /* AppDelegate.swift */,
				CB090A3C1EE547F200C10452 /* ViewController.swift */,
				CB090A3E1EE547F200C10452 /* Main.storyboard */,
				CB090A411EE547F200C10452 /* Assets.xcassets */,
				CB090A431EE547F200C10452 /* LaunchScreen.storyboard */,
				CB090A461EE547F200C10452 /* Info.plist */,
				CB090A4C1EE5485300C10452 /* RainbowProgressBar.swift */,
			);
			path = RainbowProgressBar;
			sourceTree = "<group>";
		};
/* End PBXGroup section */

/* Begin PBXNativeTarget section */
		CB090A361EE547F200C10452 /* RainbowProgressBar */ = {
			isa = PBXNativeTarget;
			buildConfigurationList = CB090A491EE547F200C10452 /* Build configuration list for PBXNativeTarget "RainbowProgressBar" */;
			buildPhases = (
				CB090A331EE547F200C10452 /* Sources */,
				CB090A341EE547F200C10452 /* Frameworks */,
				CB090A351EE547F200C10452 /* Resources */,
			);
			buildRules = (
			);
			dependencies = (
			);
			name = RainbowProgressBar;
			productName = RainbowProgressBar;
			productReference = CB090A371EE547F200C10452 /* RainbowProgressBar.app */;
			productType = "com.apple.product-type.application";
		};
/* End PBXNativeTarget section */

/* Begin PBXProject section */
		CB090A2F1EE547F200C10452 /* Project object */ = {
			isa = PBXProject;
			attributes = {
				LastSwiftUpdateCheck = 0830;
				LastUpgradeCheck = 0830;
				ORGANIZATIONNAME = hyubyn;
				TargetAttributes = {
					CB090A361EE547F200C10452 = {
						CreatedOnToolsVersion = 8.3.2;
						DevelopmentTeam = 8J9ABTQWJ7;
						ProvisioningStyle = Automatic;
					};
				};
			};
			buildConfigurationList = CB090A321EE547F200C10452 /* Build configuration list for PBXProject "RainbowProgressBar" */;
			compatibilityVersion = "Xcode 3.2";
			developmentRegion = English;
			hasScannedForEncodings = 0;
			knownRegions = (
				en,
				Base,
			);
			mainGroup = CB090A2E1EE547F200C10452;
			productRefGroup = CB090A381EE547F200C10452 /* Products */;
			projectDirPath = "";
			projectRoot = "";
			targets = (
				CB090A361EE547F200C10452 /* RainbowProgressBar */,
			);
		};
/* End PBXProject section */

/* Begin PBXResourcesBuildPhase section */
		CB090A351EE547F200C10452 /* Resources */ = {
			isa = PBXResourcesBuildPhase;
			buildActionMask = 2147483647;
			files = (
				CB090A451EE547F200C10452 /* LaunchScreen.storyboard in Resources */,
				CB090A421EE547F200C10452 /* Assets.xcassets in Resources */,
				CB090A401EE547F200C10452 /* Main.storyboard in Resources */,
			);
			runOnlyForDeploymentPostprocessing = 0;
		};
/* End PBXResourcesBuildPhase section */

/* Begin PBXSourcesBuildPhase section */
		CB090A331EE547F200C10452 /* Sources */ = {
			isa = PBXSourcesBuildPhase;
			buildActionMask = 2147483647;
			files = (
				CB090A4D1EE5485300C10452 /* RainbowProgressBar.swift in Sources */,
				CB090A3D1EE547F200C10452 /* ViewController.swift in Sources */,
				CB090A3B1EE547F200C10452 /* AppDelegate.swift in Sources */,
			);
			runOnlyForDeploymentPostprocessing = 0;
		};
/* End PBXSourcesBuildPhase section */

/* Begin PBXVariantGroup section */
		CB090A3E1EE547F200C10452 /* Main.storyboard */ = {
			isa = PBXVariantGroup;
			children = (
				CB090A3F1EE547F200C10452 /* Base */,
			);
			name = Main.storyboard;
			sourceTree = "<group>";
		};
		CB090A431EE547F200C10452 /* LaunchScreen.storyboard */ = {
			isa = PBXVariantGroup;
			children = (
				CB090A441EE547F200C10452 /* Base */,
			);
			name = LaunchScreen.storyboard;
			sourceTree = "<group>";
		};
/* End PBXVariantGroup section */

/* Begin XCBuildConfiguration section */
		CB090A471EE547F200C10452 /* Debug */ = {
			isa = XCBuildConfiguration;
			buildSettings = {
				ALWAYS_SEARCH_USER_PATHS = NO;
				CLANG_ANALYZER_NONNULL = YES;
				CLANG_ANALYZER_NUMBER_OBJECT_CONVERSION = YES_AGGRESSIVE;
				CLANG_CXX_LANGUAGE_STANDARD = "gnu++0x";
				CLANG_CXX_LIBRARY = "libc++";
				CLANG_ENABLE_MODULES = YES;
				CLANG_ENABLE_OBJC_ARC = YES;
				CLANG_WARN_BOOL_CONVERSION = YES;
				CLANG_WARN_CONSTANT_CONVERSION = YES;
				CLANG_WARN_DIRECT_OBJC_ISA_USAGE = YES_ERROR;
				CLANG_WARN_DOCUMENTATION_COMMENTS = YES;
				CLANG_WARN_EMPTY_BODY = YES;
				CLANG_WARN_ENUM_CONVERSION = YES;
				CLANG_WARN_INFINITE_RECURSION = YES;
				CLANG_WARN_INT_CONVERSION = YES;
				CLANG_WARN_OBJC_ROOT_CLASS = YES_ERROR;
				CLANG_WARN_SUSPICIOUS_MOVE = YES;
				CLANG_WARN_UNREACHABLE_CODE = YES;
				CLANG_WARN__DUPLICATE_METHOD_MATCH = YES;
				"CODE_SIGN_IDENTITY[sdk=iphoneos*]" = "iPhone Developer";
				COPY_PHASE_STRIP = NO;
				DEBUG_INFORMATION_FORMAT = dwarf;
				ENABLE_STRICT_OBJC_MSGSEND = YES;
				ENABLE_TESTABILITY = YES;
				GCC_C_LANGUAGE_STANDARD = gnu99;
				GCC_DYNAMIC_NO_PIC = NO;
				GCC_NO_COMMON_BLOCKS = YES;
				GCC_OPTIMIZATION_LEVEL = 0;
				GCC_PREPROCESSOR_DEFINITIONS = (
					"DEBUG=1",
					"$(inherited)",
				);
				GCC_WARN_64_TO_32_BIT_CONVERSION = YES;
				GCC_WARN_ABOUT_RETURN_TYPE = YES_ERROR;
				GCC_WARN_UNDECLARED_SELECTOR = YES;
				GCC_WARN_UNINITIALIZED_AUTOS = YES_AGGRESSIVE;
				GCC_WARN_UNUSED_FUNCTION = YES;
				GCC_WARN_UNUSED_VARIABLE = YES;
				IPHONEOS_DEPLOYMENT_TARGET = 10.3;
				MTL_ENABLE_DEBUG_INFO = YES;
				ONLY_ACTIVE_ARCH = YES;
				SDKROOT = iphoneos;
				SWIFT_ACTIVE_COMPILATION_CONDITIONS = DEBUG;
				SWIFT_OPTIMIZATION_LEVEL = "-Onone";
				TARGETED_DEVICE_FAMILY = "1,2";
			};
			name = Debug;
		};
		CB090A481EE547F200C10452 /* Release */ = {
			isa = XCBuildConfiguration;
			buildSettings = {
				ALWAYS_SEARCH_USER_PATHS = NO;
				CLANG_ANALYZER_NONNULL = YES;
				CLANG_ANALYZER_NUMBER_OBJECT_CONVERSION = YES_AGGRESSIVE;
				CLANG_CXX_LANGUAGE_STANDARD = "gnu++0x";
				CLANG_CXX_LIBRARY = "libc++";
				CLANG_ENABLE_MODULES = YES;
				CLANG_ENABLE_OBJC_ARC = YES;
				CLANG_WARN_BOOL_CONVERSION = YES;
				CLANG_WARN_CONSTANT_CONVERSION = YES;
				CLANG_WARN_DIRECT_OBJC_ISA_USAGE = YES_ERROR;
				CLANG_WARN_DOCUMENTATION_COMMENTS = YES;
				CLANG_WARN_EMPTY_BODY = YES;
				CLANG_WARN_ENUM_CONVERSION = YES;
				CLANG_WARN_INFINITE_RECURSION = YES;
				CLANG_WARN_INT_CONVERSION = YES;
				CLANG_WARN_OBJC_ROOT_CLASS = YES_ERROR;
				CLANG_WARN_SUSPICIOUS_MOVE = YES;
				CLANG_WARN_UNREACHABLE_CODE = YES;
				CLANG_WARN__DUPLICATE_METHOD_MATCH = YES;
				"CODE_SIGN_IDENTITY[sdk=iphoneos*]" = "iPhone Developer";
				COPY_PHASE_STRIP = NO;
				DEBUG_INFORMATION_FORMAT = "dwarf-with-dsym";
				ENABLE_NS_ASSERTIONS = NO;
				ENABLE_STRICT_OBJC_MSGSEND = YES;
				GCC_C_LANGUAGE_STANDARD = gnu99;
				GCC_NO_COMMON_BLOCKS = YES;
				GCC_WARN_64_TO_32_BIT_CONVERSION = YES;
				GCC_WARN_ABOUT_RETURN_TYPE = YES_ERROR;
				GCC_WARN_UNDECLARED_SELECTOR = YES;
				GCC_WARN_UNINITIALIZED_AUTOS = YES_AGGRESSIVE;
				GCC_WARN_UNUSED_FUNCTION = YES;
				GCC_WARN_UNUSED_VARIABLE = YES;
				IPHONEOS_DEPLOYMENT_TARGET = 10.3;
				MTL_ENABLE_DEBUG_INFO = NO;
				SDKROOT = iphoneos;
				SWIFT_OPTIMIZATION_LEVEL = "-Owholemodule";
				TARGETED_DEVICE_FAMILY = "1,2";
				VALIDATE_PRODUCT = YES;
			};
			name = Release;
		};
		CB090A4A1EE547F200C10452 /* Debug */ = {
			isa = XCBuildConfiguration;
			buildSettings = {
				ASSETCATALOG_COMPILER_APPICON_NAME = AppIcon;
				DEVELOPMENT_TEAM = 8J9ABTQWJ7;
				INFOPLIST_FILE = RainbowProgressBar/Info.plist;
				LD_RUNPATH_SEARCH_PATHS = "$(inherited) @executable_path/Frameworks";
				PRODUCT_BUNDLE_IDENTIFIER = com.hyubyn.RainbowProgressBar;
				PRODUCT_NAME = "$(TARGET_NAME)";
				SWIFT_VERSION = 3.0;
			};
			name = Debug;
		};
		CB090A4B1EE547F200C10452 /* Release */ = {
			isa = XCBuildConfiguration;
			buildSettings = {
				ASSETCATALOG_COMPILER_APPICON_NAME = AppIcon;
				DEVELOPMENT_TEAM = 8J9ABTQWJ7;
				INFOPLIST_FILE = RainbowProgressBar/Info.plist;
				LD_RUNPATH_SEARCH_PATHS = "$(inherited) @executable_path/Frameworks";
				PRODUCT_BUNDLE_IDENTIFIER = com.hyubyn.RainbowProgressBar;
				PRODUCT_NAME = "$(TARGET_NAME)";
				SWIFT_VERSION = 3.0;
			};
			name = Release;
		};
/* End XCBuildConfiguration section */

/* Begin XCConfigurationList section */
		CB090A321EE547F200C10452 /* Build configuration list for PBXProject "RainbowProgressBar" */ = {
			isa = XCConfigurationList;
			buildConfigurations = (
				CB090A471EE547F200C10452 /* Debug */,
				CB090A481EE547F200C10452 /* Release */,
			);
			defaultConfigurationIsVisible = 0;
			defaultConfigurationName = Release;
		};
		CB090A491EE547F200C10452 /* Build configuration list for PBXNativeTarget "RainbowProgressBar" */ = {
			isa = XCConfigurationList;
			buildConfigurations = (
				CB090A4A1EE547F200C10452 /* Debug */,
				CB090A4B1EE547F200C10452 /* Release */,
			);
			defaultConfigurationIsVisible = 0;
		};
/* End XCConfigurationList section */
	};
	rootObject = CB090A2F1EE547F200C10452 /* Project object */;
}
